
Microsoft Visual Studio Solution File, Format Version 12.00
# Visual Studio Version 16
VisualStudioVersion = 16.0.30621.155
MinimumVisualStudioVersion = 10.0.40219.1
Project("{9A19103F-16F7-4668-BE54-9A1E7A4F7556}") = "KeepCoding", "KeepCoding.csproj", "{9D9B211A-FD72-4995-82EC-A5764117D196}"
EndProject
Project("{2150E333-8FDC-42A3-9474-1A3956D46DE8}") = "Solution Items", "Solution Items", "{26C3AB17-0358-4C33-A9B0-288670E48A87}"
	ProjectSection(SolutionItems) = preProject
		.editorconfig = .editorconfig
	EndProjectSection
EndProject
Global
	GlobalSection(SolutionConfigurationPlatforms) = preSolution
		Debug|Any CPU = Debug|Any CPU
		Release|Any CPU = Release|Any CPU
	EndGlobalSection
	GlobalSection(ProjectConfigurationPlatforms) = postSolution
		{9D9B211A-FD72-4995-82EC-A5764117D196}.Debug|Any CPU.ActiveCfg = Debug|Any CPU
		{9D9B211A-FD72-4995-82EC-A5764117D196}.Debug|Any CPU.Build.0 = Debug|Any CPU
		{9D9B211A-FD72-4995-82EC-A5764117D196}.Release|Any CPU.ActiveCfg = Release|Any CPU
		{9D9B211A-FD72-4995-82EC-A5764117D196}.Release|Any CPU.Build.0 = Release|Any CPU
	EndGlobalSection
	GlobalSection(SolutionProperties) = preSolution
		HideSolutionNode = FALSE
	EndGlobalSection
	GlobalSection(ExtensibilityGlobals) = postSolution
		SolutionGuid = {C6302720-E3D0-4B7D-953B-0446000B665D}
	EndGlobalSection
EndGlobal
